
Microsoft Visual Studio Solution File, Format Version 12.00
# Visual Studio Version 16
VisualStudioVersion = 16.0.32106.194
MinimumVisualStudioVersion = 10.0.40219.1
Project("{FAE04EC0-301F-11D3-BF4B-00C04F79EFBC}") = "VendasWebMVC", "VendasWebMVC\VendasWebMVC.csproj", "{8B7E3EAD-BA54-4F91-B7BC-872E8E3C0655}"
EndProject
Global
	GlobalSection(SolutionConfigurationPlatforms) = preSolution
		Debug|Any CPU = Debug|Any CPU
		Release|Any CPU = Release|Any CPU
	EndGlobalSection
	GlobalSection(ProjectConfigurationPlatforms) = postSolution
		{8B7E3EAD-BA54-4F91-B7BC-872E8E3C0655}.Debug|Any CPU.ActiveCfg = Debug|Any CPU
		{8B7E3EAD-BA54-4F91-B7BC-872E8E3C0655}.Debug|Any CPU.Build.0 = Debug|Any CPU
		{8B7E3EAD-BA54-4F91-B7BC-872E8E3C0655}.Release|Any CPU.ActiveCfg = Release|Any CPU
		{8B7E3EAD-BA54-4F91-B7BC-872E8E3C0655}.Release|Any CPU.Build.0 = Release|Any CPU
	EndGlobalSection
	GlobalSection(SolutionProperties) = preSolution
		HideSolutionNode = FALSE
	EndGlobalSection
	GlobalSection(ExtensibilityGlobals) = postSolution
		SolutionGuid = {ABDA43E1-4F5C-4E69-9416-0BD4DB32EDD1}
	EndGlobalSection
EndGlobal
